// !$*UTF8*$!
{
	archiveVersion = 1;
	classes = {
	};
	objectVersion = 48;
	objects = {

/* Begin PBXBuildFile section */
		596211131FF4DBE200109CD2 /* AppDelegate.swift in Sources */ = {isa = PBXBuildFile; fileRef = 596211121FF4DBE200109CD2 /* AppDelegate.swift */; };
		596211151FF4DBE200109CD2 /* ViewController.swift in Sources */ = {isa = PBXBuildFile; fileRef = 596211141FF4DBE200109CD2 /* ViewController.swift */; };
		596211181FF4DBE200109CD2 /* Main.storyboard in Resources */ = {isa = PBXBuildFile; fileRef = 596211161FF4DBE200109CD2 /* Main.storyboard */; };
		5962111A1FF4DBE200109CD2 /* Assets.xcassets in Resources */ = {isa = PBXBuildFile; fileRef = 596211191FF4DBE200109CD2 /* Assets.xcassets */; };
		5962111D1FF4DBE200109CD2 /* LaunchScreen.storyboard in Resources */ = {isa = PBXBuildFile; fileRef = 5962111B1FF4DBE200109CD2 /* LaunchScreen.storyboard */; };
		596211281FF4DBE200109CD2 /* tip_calculatorTests.swift in Sources */ = {isa = PBXBuildFile; fileRef = 596211271FF4DBE200109CD2 /* tip_calculatorTests.swift */; };
		596211331FF4DBE200109CD2 /* tip_calculatorUITests.swift in Sources */ = {isa = PBXBuildFile; fileRef = 596211321FF4DBE200109CD2 /* tip_calculatorUITests.swift */; };
/* End PBXBuildFile section */

/* Begin PBXContainerItemProxy section */
		596211241FF4DBE200109CD2 /* PBXContainerItemProxy */ = {
			isa = PBXContainerItemProxy;
			containerPortal = 596211071FF4DBE200109CD2 /* Project object */;
			proxyType = 1;
			remoteGlobalIDString = 5962110E1FF4DBE200109CD2;
			remoteInfo = "tip calculator";
		};
		5962112F1FF4DBE200109CD2 /* PBXContainerItemProxy */ = {
			isa = PBXContainerItemProxy;
			containerPortal = 596211071FF4DBE200109CD2 /* Project object */;
			proxyType = 1;
			remoteGlobalIDString = 5962110E1FF4DBE200109CD2;
			remoteInfo = "tip calculator";
		};
/* End PBXContainerItemProxy section */

/* Begin PBXFileReference section */
		5962110F1FF4DBE200109CD2 /* tip calculator.app */ = {isa = PBXFileReference; explicitFileType = wrapper.application; includeInIndex = 0; path = "tip calculator.app"; sourceTree = BUILT_PRODUCTS_DIR; };
		596211121FF4DBE200109CD2 /* AppDelegate.swift */ = {isa = PBXFileReference; lastKnownFileType = sourcecode.swift; path = AppDelegate.swift; sourceTree = "<group>"; };
		596211141FF4DBE200109CD2 /* ViewController.swift */ = {isa = PBXFileReference; lastKnownFileType = sourcecode.swift; path = ViewController.swift; sourceTree = "<group>"; };
		596211171FF4DBE200109CD2 /* Base */ = {isa = PBXFileReference; lastKnownFileType = file.storyboard; name = Base; path = Base.lproj/Main.storyboard; sourceTree = "<group>"; };
		596211191FF4DBE200109CD2 /* Assets.xcassets */ = {isa = PBXFileReference; lastKnownFileType = folder.assetcatalog; path = Assets.xcassets; sourceTree = "<group>"; };
		5962111C1FF4DBE200109CD2 /* Base */ = {isa = PBXFileReference; lastKnownFileType = file.storyboard; name = Base; path = Base.lproj/LaunchScreen.storyboard; sourceTree = "<group>"; };
		5962111E1FF4DBE200109CD2 /* Info.plist */ = {isa = PBXFileReference; lastKnownFileType = text.plist.xml; path = Info.plist; sourceTree = "<group>"; };
		596211231FF4DBE200109CD2 /* tip calculatorTests.xctest */ = {isa = PBXFileReference; explicitFileType = wrapper.cfbundle; includeInIndex = 0; path = "tip calculatorTests.xctest"; sourceTree = BUILT_PRODUCTS_DIR; };
		596211271FF4DBE200109CD2 /* tip_calculatorTests.swift */ = {isa = PBXFileReference; lastKnownFileType = sourcecode.swift; path = tip_calculatorTests.swift; sourceTree = "<group>"; };
		596211291FF4DBE200109CD2 /* Info.plist */ = {isa = PBXFileReference; lastKnownFileType = text.plist.xml; path = Info.plist; sourceTree = "<group>"; };
		5962112E1FF4DBE200109CD2 /* tip calculatorUITests.xctest */ = {isa = PBXFileReference; explicitFileType = wrapper.cfbundle; includeInIndex = 0; path = "tip calculatorUITests.xctest"; sourceTree = BUILT_PRODUCTS_DIR; };
		596211321FF4DBE200109CD2 /* tip_calculatorUITests.swift */ = {isa = PBXFileReference; lastKnownFileType = sourcecode.swift; path = tip_calculatorUITests.swift; sourceTree = "<group>"; };
		596211341FF4DBE200109CD2 /* Info.plist */ = {isa = PBXFileReference; lastKnownFileType = text.plist.xml; path = Info.plist; sourceTree = "<group>"; };
/* End PBXFileReference section */

/* Begin PBXFrameworksBuildPhase section */
		5962110C1FF4DBE200109CD2 /* Frameworks */ = {
			isa = PBXFrameworksBuildPhase;
			buildActionMask = 2147483647;
			files = (
			);
			runOnlyForDeploymentPostprocessing = 0;
		};
		596211201FF4DBE200109CD2 /* Frameworks */ = {
			isa = PBXFrameworksBuildPhase;
			buildActionMask = 2147483647;
			files = (
			);
			runOnlyForDeploymentPostprocessing = 0;
		};
		5962112B1FF4DBE200109CD2 /* Frameworks */ = {
			isa = PBXFrameworksBuildPhase;
			buildActionMask = 2147483647;
			files = (
			);
			runOnlyForDeploymentPostprocessing = 0;
		};
/* End PBXFrameworksBuildPhase section */

/* Begin PBXGroup section */
		596211061FF4DBE200109CD2 = {
			isa = PBXGroup;
			children = (
				596211111FF4DBE200109CD2 /* tip calculator */,
				596211261FF4DBE200109CD2 /* tip calculatorTests */,
				596211311FF4DBE200109CD2 /* tip calculatorUITests */,
				596211101FF4DBE200109CD2 /* Products */,
			);
			sourceTree = "<group>";
		};
		596211101FF4DBE200109CD2 /* Products */ = {
			isa = PBXGroup;
			children = (
				5962110F1FF4DBE200109CD2 /* tip calculator.app */,
				596211231FF4DBE200109CD2 /* tip calculatorTests.xctest */,
				5962112E1FF4DBE200109CD2 /* tip calculatorUITests.xctest */,
			);
			name = Products;
			sourceTree = "<group>";
		};
		596211111FF4DBE200109CD2 /* tip calculator */ = {
			isa = PBXGroup;
			children = (
				596211121FF4DBE200109CD2 /* AppDelegate.swift */,
				596211141FF4DBE200109CD2 /* ViewController.swift */,
				596211161FF4DBE200109CD2 /* Main.storyboard */,
				596211191FF4DBE200109CD2 /* Assets.xcassets */,
				5962111B1FF4DBE200109CD2 /* LaunchScreen.storyboard */,
				5962111E1FF4DBE200109CD2 /* Info.plist */,
			);
			path = "tip calculator";
			sourceTree = "<group>";
		};
		596211261FF4DBE200109CD2 /* tip calculatorTests */ = {
			isa = PBXGroup;
			children = (
				596211271FF4DBE200109CD2 /* tip_calculatorTests.swift */,
				596211291FF4DBE200109CD2 /* Info.plist */,
			);
			path = "tip calculatorTests";
			sourceTree = "<group>";
		};
		596211311FF4DBE200109CD2 /* tip calculatorUITests */ = {
			isa = PBXGroup;
			children = (
				596211321FF4DBE200109CD2 /* tip_calculatorUITests.swift */,
				596211341FF4DBE200109CD2 /* Info.plist */,
			);
			path = "tip calculatorUITests";
			sourceTree = "<group>";
		};
/* End PBXGroup section */

/* Begin PBXNativeTarget section */
		5962110E1FF4DBE200109CD2 /* tip calculator */ = {
			isa = PBXNativeTarget;
			buildConfigurationList = 596211371FF4DBE200109CD2 /* Build configuration list for PBXNativeTarget "tip calculator" */;
			buildPhases = (
				5962110B1FF4DBE200109CD2 /* Sources */,
				5962110C1FF4DBE200109CD2 /* Frameworks */,
				5962110D1FF4DBE200109CD2 /* Resources */,
			);
			buildRules = (
			);
			dependencies = (
			);
			name = "tip calculator";
			productName = "tip calculator";
			productReference = 5962110F1FF4DBE200109CD2 /* tip calculator.app */;
			productType = "com.apple.product-type.application";
		};
		596211221FF4DBE200109CD2 /* tip calculatorTests */ = {
			isa = PBXNativeTarget;
			buildConfigurationList = 5962113A1FF4DBE200109CD2 /* Build configuration list for PBXNativeTarget "tip calculatorTests" */;
			buildPhases = (
				5962111F1FF4DBE200109CD2 /* Sources */,
				596211201FF4DBE200109CD2 /* Frameworks */,
				596211211FF4DBE200109CD2 /* Resources */,
			);
			buildRules = (
			);
			dependencies = (
				596211251FF4DBE200109CD2 /* PBXTargetDependency */,
			);
			name = "tip calculatorTests";
			productName = "tip calculatorTests";
			productReference = 596211231FF4DBE200109CD2 /* tip calculatorTests.xctest */;
			productType = "com.apple.product-type.bundle.unit-test";
		};
		5962112D1FF4DBE200109CD2 /* tip calculatorUITests */ = {
			isa = PBXNativeTarget;
			buildConfigurationList = 5962113D1FF4DBE200109CD2 /* Build configuration list for PBXNativeTarget "tip calculatorUITests" */;
			buildPhases = (
				5962112A1FF4DBE200109CD2 /* Sources */,
				5962112B1FF4DBE200109CD2 /* Frameworks */,
				5962112C1FF4DBE200109CD2 /* Resources */,
			);
			buildRules = (
			);
			dependencies = (
				596211301FF4DBE200109CD2 /* PBXTargetDependency */,
			);
			name = "tip calculatorUITests";
			productName = "tip calculatorUITests";
			productReference = 5962112E1FF4DBE200109CD2 /* tip calculatorUITests.xctest */;
			productType = "com.apple.product-type.bundle.ui-testing";
		};
/* End PBXNativeTarget section */

/* Begin PBXProject section */
		596211071FF4DBE200109CD2 /* Project object */ = {
			isa = PBXProject;
			attributes = {
				LastSwiftUpdateCheck = 0910;
				LastUpgradeCheck = 0910;
				ORGANIZATIONNAME = "Si Wu";
				TargetAttributes = {
					5962110E1FF4DBE200109CD2 = {
						CreatedOnToolsVersion = 9.1;
						ProvisioningStyle = Automatic;
					};
					596211221FF4DBE200109CD2 = {
						CreatedOnToolsVersion = 9.1;
						ProvisioningStyle = Automatic;
						TestTargetID = 5962110E1FF4DBE200109CD2;
					};
					5962112D1FF4DBE200109CD2 = {
						CreatedOnToolsVersion = 9.1;
						ProvisioningStyle = Automatic;
						TestTargetID = 5962110E1FF4DBE200109CD2;
					};
				};
			};
			buildConfigurationList = 5962110A1FF4DBE200109CD2 /* Build configuration list for PBXProject "tip calculator" */;
			compatibilityVersion = "Xcode 8.0";
			developmentRegion = en;
			hasScannedForEncodings = 0;
			knownRegions = (
				en,
				Base,
			);
			mainGroup = 596211061FF4DBE200109CD2;
			productRefGroup = 596211101FF4DBE200109CD2 /* Products */;
			projectDirPath = "";
			projectRoot = "";
			targets = (
				5962110E1FF4DBE200109CD2 /* tip calculator */,
				596211221FF4DBE200109CD2 /* tip calculatorTests */,
				5962112D1FF4DBE200109CD2 /* tip calculatorUITests */,
			);
		};
/* End PBXProject section */

/* Begin PBXResourcesBuildPhase section */
		5962110D1FF4DBE200109CD2 /* Resources */ = {
			isa = PBXResourcesBuildPhase;
			buildActionMask = 2147483647;
			files = (
				5962111D1FF4DBE200109CD2 /* LaunchScreen.storyboard in Resources */,
				5962111A1FF4DBE200109CD2 /* Assets.xcassets in Resources */,
				596211181FF4DBE200109CD2 /* Main.storyboard in Resources */,
			);
			runOnlyForDeploymentPostprocessing = 0;
		};
		596211211FF4DBE200109CD2 /* Resources */ = {
			isa = PBXResourcesBuildPhase;
			buildActionMask = 2147483647;
			files = (
			);
			runOnlyForDeploymentPostprocessing = 0;
		};
		5962112C1FF4DBE200109CD2 /* Resources */ = {
			isa = PBXResourcesBuildPhase;
			buildActionMask = 2147483647;
			files = (
			);
			runOnlyForDeploymentPostprocessing = 0;
		};
/* End PBXResourcesBuildPhase section */

/* Begin PBXSourcesBuildPhase section */
		5962110B1FF4DBE200109CD2 /* Sources */ = {
			isa = PBXSourcesBuildPhase;
			buildActionMask = 2147483647;
			files = (
				596211151FF4DBE200109CD2 /* ViewController.swift in Sources */,
				596211131FF4DBE200109CD2 /* AppDelegate.swift in Sources */,
			);
			runOnlyForDeploymentPostprocessing = 0;
		};
		5962111F1FF4DBE200109CD2 /* Sources */ = {
			isa = PBXSourcesBuildPhase;
			buildActionMask = 2147483647;
			files = (
				596211281FF4DBE200109CD2 /* tip_calculatorTests.swift in Sources */,
			);
			runOnlyForDeploymentPostprocessing = 0;
		};
		5962112A1FF4DBE200109CD2 /* Sources */ = {
			isa = PBXSourcesBuildPhase;
			buildActionMask = 2147483647;
			files = (
				596211331FF4DBE200109CD2 /* tip_calculatorUITests.swift in Sources */,
			);
			runOnlyForDeploymentPostprocessing = 0;
		};
/* End PBXSourcesBuildPhase section */

/* Begin PBXTargetDependency section */
		596211251FF4DBE200109CD2 /* PBXTargetDependency */ = {
			isa = PBXTargetDependency;
			target = 5962110E1FF4DBE200109CD2 /* tip calculator */;
			targetProxy = 596211241FF4DBE200109CD2 /* PBXContainerItemProxy */;
		};
		596211301FF4DBE200109CD2 /* PBXTargetDependency */ = {
			isa = PBXTargetDependency;
			target = 5962110E1FF4DBE200109CD2 /* tip calculator */;
			targetProxy = 5962112F1FF4DBE200109CD2 /* PBXContainerItemProxy */;
		};
/* End PBXTargetDependency section */

/* Begin PBXVariantGroup section */
		596211161FF4DBE200109CD2 /* Main.storyboard */ = {
			isa = PBXVariantGroup;
			children = (
				596211171FF4DBE200109CD2 /* Base */,
			);
			name = Main.storyboard;
			sourceTree = "<group>";
		};
		5962111B1FF4DBE200109CD2 /* LaunchScreen.storyboard */ = {
			isa = PBXVariantGroup;
			children = (
				5962111C1FF4DBE200109CD2 /* Base */,
			);
			name = LaunchScreen.storyboard;
			sourceTree = "<group>";
		};
/* End PBXVariantGroup section */

/* Begin XCBuildConfiguration section */
		596211351FF4DBE200109CD2 /* Debug */ = {
			isa = XCBuildConfiguration;
			buildSettings = {
				ALWAYS_SEARCH_USER_PATHS = NO;
				CLANG_ANALYZER_NONNULL = YES;
				CLANG_ANALYZER_NUMBER_OBJECT_CONVERSION = YES_AGGRESSIVE;
				CLANG_CXX_LANGUAGE_STANDARD = "gnu++14";
				CLANG_CXX_LIBRARY = "libc++";
				CLANG_ENABLE_MODULES = YES;
				CLANG_ENABLE_OBJC_ARC = YES;
				CLANG_WARN_BLOCK_CAPTURE_AUTORELEASING = YES;
				CLANG_WARN_BOOL_CONVERSION = YES;
				CLANG_WARN_COMMA = YES;
				CLANG_WARN_CONSTANT_CONVERSION = YES;
				CLANG_WARN_DIRECT_OBJC_ISA_USAGE = YES_ERROR;
				CLANG_WARN_DOCUMENTATION_COMMENTS = YES;
				CLANG_WARN_EMPTY_BODY = YES;
				CLANG_WARN_ENUM_CONVERSION = YES;
				CLANG_WARN_INFINITE_RECURSION = YES;
				CLANG_WARN_INT_CONVERSION = YES;
				CLANG_WARN_NON_LITERAL_NULL_CONVERSION = YES;
				CLANG_WARN_OBJC_LITERAL_CONVERSION = YES;
				CLANG_WARN_OBJC_ROOT_CLASS = YES_ERROR;
				CLANG_WARN_RANGE_LOOP_ANALYSIS = YES;
				CLANG_WARN_STRICT_PROTOTYPES = YES;
				CLANG_WARN_SUSPICIOUS_MOVE = YES;
				CLANG_WARN_UNGUARDED_AVAILABILITY = YES_AGGRESSIVE;
				CLANG_WARN_UNREACHABLE_CODE = YES;
				CLANG_WARN__DUPLICATE_METHOD_MATCH = YES;
				CODE_SIGN_IDENTITY = "iPhone Developer";
				COPY_PHASE_STRIP = NO;
				DEBUG_INFORMATION_FORMAT = dwarf;
				ENABLE_STRICT_OBJC_MSGSEND = YES;
				ENABLE_TESTABILITY = YES;
				GCC_C_LANGUAGE_STANDARD = gnu11;
				GCC_DYNAMIC_NO_PIC = NO;
				GCC_NO_COMMON_BLOCKS = YES;
				GCC_OPTIMIZATION_LEVEL = 0;
				GCC_PREPROCESSOR_DEFINITIONS = (
					"DEBUG=1",
					"$(inherited)",
				);
				GCC_WARN_64_TO_32_BIT_CONVERSION = YES;
				GCC_WARN_ABOUT_RETURN_TYPE = YES_ERROR;
				GCC_WARN_UNDECLARED_SELECTOR = YES;
				GCC_WARN_UNINITIALIZED_AUTOS = YES_AGGRESSIVE;
				GCC_WARN_UNUSED_FUNCTION = YES;
				GCC_WARN_UNUSED_VARIABLE = YES;
				IPHONEOS_DEPLOYMENT_TARGET = 11.1;
				MTL_ENABLE_DEBUG_INFO = YES;
				ONLY_ACTIVE_ARCH = YES;
				SDKROOT = iphoneos;
				SWIFT_ACTIVE_COMPILATION_CONDITIONS = DEBUG;
				SWIFT_OPTIMIZATION_LEVEL = "-Onone";
			};
			name = Debug;
		};
		596211361FF4DBE200109CD2 /* Release */ = {
			isa = XCBuildConfiguration;
			buildSettings = {
				ALWAYS_SEARCH_USER_PATHS = NO;
				CLANG_ANALYZER_NONNULL = YES;
				CLANG_ANALYZER_NUMBER_OBJECT_CONVERSION = YES_AGGRESSIVE;
				CLANG_CXX_LANGUAGE_STANDARD = "gnu++14";
				CLANG_CXX_LIBRARY = "libc++";
				CLANG_ENABLE_MODULES = YES;
				CLANG_ENABLE_OBJC_ARC = YES;
				CLANG_WARN_BLOCK_CAPTURE_AUTORELEASING = YES;
				CLANG_WARN_BOOL_CONVERSION = YES;
				CLANG_WARN_COMMA = YES;
				CLANG_WARN_CONSTANT_CONVERSION = YES;
				CLANG_WARN_DIRECT_OBJC_ISA_USAGE = YES_ERROR;
				CLANG_WARN_DOCUMENTATION_COMMENTS = YES;
				CLANG_WARN_EMPTY_BODY = YES;
				CLANG_WARN_ENUM_CONVERSION = YES;
				CLANG_WARN_INFINITE_RECURSION = YES;
				CLANG_WARN_INT_CONVERSION = YES;
				CLANG_WARN_NON_LITERAL_NULL_CONVERSION = YES;
				CLANG_WARN_OBJC_LITERAL_CONVERSION = YES;
				CLANG_WARN_OBJC_ROOT_CLASS = YES_ERROR;
				CLANG_WARN_RANGE_LOOP_ANALYSIS = YES;
				CLANG_WARN_STRICT_PROTOTYPES = YES;
				CLANG_WARN_SUSPICIOUS_MOVE = YES;
				CLANG_WARN_UNGUARDED_AVAILABILITY = YES_AGGRESSIVE;
				CLANG_WARN_UNREACHABLE_CODE = YES;
				CLANG_WARN__DUPLICATE_METHOD_MATCH = YES;
				CODE_SIGN_IDENTITY = "iPhone Developer";
				COPY_PHASE_STRIP = NO;
				DEBUG_INFORMATION_FORMAT = "dwarf-with-dsym";
				ENABLE_NS_ASSERTIONS = NO;
				ENABLE_STRICT_OBJC_MSGSEND = YES;
				GCC_C_LANGUAGE_STANDARD = gnu11;
				GCC_NO_COMMON_BLOCKS = YES;
				GCC_WARN_64_TO_32_BIT_CONVERSION = YES;
				GCC_WARN_ABOUT_RETURN_TYPE = YES_ERROR;
				GCC_WARN_UNDECLARED_SELECTOR = YES;
				GCC_WARN_UNINITIALIZED_AUTOS = YES_AGGRESSIVE;
				GCC_WARN_UNUSED_FUNCTION = YES;
				GCC_WARN_UNUSED_VARIABLE = YES;
				IPHONEOS_DEPLOYMENT_TARGET = 11.1;
				MTL_ENABLE_DEBUG_INFO = NO;
				SDKROOT = iphoneos;
				SWIFT_OPTIMIZATION_LEVEL = "-Owholemodule";
				VALIDATE_PRODUCT = YES;
			};
			name = Release;
		};
		596211381FF4DBE200109CD2 /* Debug */ = {
			isa = XCBuildConfiguration;
			buildSettings = {
				ASSETCATALOG_COMPILER_APPICON_NAME = AppIcon;
				CODE_SIGN_STYLE = Automatic;
				INFOPLIST_FILE = "tip calculator/Info.plist";
				LD_RUNPATH_SEARCH_PATHS = "$(inherited) @executable_path/Frameworks";
				PRODUCT_BUNDLE_IDENTIFIER = "siwu.tip-calculator";
				PRODUCT_NAME = "$(TARGET_NAME)";
				SWIFT_VERSION = 4.0;
				TARGETED_DEVICE_FAMILY = "1,2";
			};
			name = Debug;
		};
		596211391FF4DBE200109CD2 /* Release */ = {
			isa = XCBuildConfiguration;
			buildSettings = {
				ASSETCATALOG_COMPILER_APPICON_NAME = AppIcon;
				CODE_SIGN_STYLE = Automatic;
				INFOPLIST_FILE = "tip calculator/Info.plist";
				LD_RUNPATH_SEARCH_PATHS = "$(inherited) @executable_path/Frameworks";
				PRODUCT_BUNDLE_IDENTIFIER = "siwu.tip-calculator";
				PRODUCT_NAME = "$(TARGET_NAME)";
				SWIFT_VERSION = 4.0;
				TARGETED_DEVICE_FAMILY = "1,2";
			};
			name = Release;
		};
		5962113B1FF4DBE200109CD2 /* Debug */ = {
			isa = XCBuildConfiguration;
			buildSettings = {
				ALWAYS_EMBED_SWIFT_STANDARD_LIBRARIES = YES;
				BUNDLE_LOADER = "$(TEST_HOST)";
				CODE_SIGN_STYLE = Automatic;
				INFOPLIST_FILE = "tip calculatorTests/Info.plist";
				LD_RUNPATH_SEARCH_PATHS = "$(inherited) @executable_path/Frameworks @loader_path/Frameworks";
				PRODUCT_BUNDLE_IDENTIFIER = "siwu.tip-calculatorTests";
				PRODUCT_NAME = "$(TARGET_NAME)";
				SWIFT_VERSION = 4.0;
				TARGETED_DEVICE_FAMILY = "1,2";
				TEST_HOST = "$(BUILT_PRODUCTS_DIR)/tip calculator.app/tip calculator";
			};
			name = Debug;
		};
		5962113C1FF4DBE200109CD2 /* Release */ = {
			isa = XCBuildConfiguration;
			buildSettings = {
				ALWAYS_EMBED_SWIFT_STANDARD_LIBRARIES = YES;
				BUNDLE_LOADER = "$(TEST_HOST)";
				CODE_SIGN_STYLE = Automatic;
				INFOPLIST_FILE = "tip calculatorTests/Info.plist";
				LD_RUNPATH_SEARCH_PATHS = "$(inherited) @executable_path/Frameworks @loader_path/Frameworks";
				PRODUCT_BUNDLE_IDENTIFIER = "siwu.tip-calculatorTests";
				PRODUCT_NAME = "$(TARGET_NAME)";
				SWIFT_VERSION = 4.0;
				TARGETED_DEVICE_FAMILY = "1,2";
				TEST_HOST = "$(BUILT_PRODUCTS_DIR)/tip calculator.app/tip calculator";
			};
			name = Release;
		};
		5962113E1FF4DBE200109CD2 /* Debug */ = {
			isa = XCBuildConfiguration;
			buildSettings = {
				ALWAYS_EMBED_SWIFT_STANDARD_LIBRARIES = YES;
				CODE_SIGN_STYLE = Automatic;
				INFOPLIST_FILE = "tip calculatorUITests/Info.plist";
				LD_RUNPATH_SEARCH_PATHS = "$(inherited) @executable_path/Frameworks @loader_path/Frameworks";
				PRODUCT_BUNDLE_IDENTIFIER = "siwu.tip-calculatorUITests";
				PRODUCT_NAME = "$(TARGET_NAME)";
				SWIFT_VERSION = 4.0;
				TARGETED_DEVICE_FAMILY = "1,2";
				TEST_TARGET_NAME = "tip calculator";
			};
			name = Debug;
		};
		5962113F1FF4DBE200109CD2 /* Release */ = {
			isa = XCBuildConfiguration;
			buildSettings = {
				ALWAYS_EMBED_SWIFT_STANDARD_LIBRARIES = YES;
				CODE_SIGN_STYLE = Automatic;
				INFOPLIST_FILE = "tip calculatorUITests/Info.plist";
				LD_RUNPATH_SEARCH_PATHS = "$(inherited) @executable_path/Frameworks @loader_path/Frameworks";
				PRODUCT_BUNDLE_IDENTIFIER = "siwu.tip-calculatorUITests";
				PRODUCT_NAME = "$(TARGET_NAME)";
				SWIFT_VERSION = 4.0;
				TARGETED_DEVICE_FAMILY = "1,2";
				TEST_TARGET_NAME = "tip calculator";
			};
			name = Release;
		};
/* End XCBuildConfiguration section */

/* Begin XCConfigurationList section */
		5962110A1FF4DBE200109CD2 /* Build configuration list for PBXProject "tip calculator" */ = {
			isa = XCConfigurationList;
			buildConfigurations = (
				596211351FF4DBE200109CD2 /* Debug */,
				596211361FF4DBE200109CD2 /* Release */,
			);
			defaultConfigurationIsVisible = 0;
			defaultConfigurationName = Release;
		};
		596211371FF4DBE200109CD2 /* Build configuration list for PBXNativeTarget "tip calculator" */ = {
			isa = XCConfigurationList;
			buildConfigurations = (
				596211381FF4DBE200109CD2 /* Debug */,
				596211391FF4DBE200109CD2 /* Release */,
			);
			defaultConfigurationIsVisible = 0;
			defaultConfigurationName = Release;
		};
		5962113A1FF4DBE200109CD2 /* Build configuration list for PBXNativeTarget "tip calculatorTests" */ = {
			isa = XCConfigurationList;
			buildConfigurations = (
				5962113B1FF4DBE200109CD2 /* Debug */,
				5962113C1FF4DBE200109CD2 /* Release */,
			);
			defaultConfigurationIsVisible = 0;
			defaultConfigurationName = Release;
		};
		5962113D1FF4DBE200109CD2 /* Build configuration list for PBXNativeTarget "tip calculatorUITests" */ = {
			isa = XCConfigurationList;
			buildConfigurations = (
				5962113E1FF4DBE200109CD2 /* Debug */,
				5962113F1FF4DBE200109CD2 /* Release */,
			);
			defaultConfigurationIsVisible = 0;
			defaultConfigurationName = Release;
		};
/* End XCConfigurationList section */
	};
	rootObject = 596211071FF4DBE200109CD2 /* Project object */;
}
